<Solution>
  <Folder Name="/src/">
    <Project Path="src/PyRuntimeInspector.Cli/PyRuntimeInspector.Cli.csproj" />
    <Project Path="src/PyRuntimeInspector.Protocol/PyRuntimeInspector.Protocol.csproj" />
  </Folder>
  <Folder Name="/tests/">
    <Project Path="tests/PyRuntimeInspector.IntegrationTests/PyRuntimeInspector.IntegrationTests.csproj" />
    <Project Path="tests/PyRuntimeInspector.Protocol.Tests/PyRuntimeInspector.Protocol.Tests.csproj" />
  </Folder>
</Solution>
